// !$*UTF8*$!
{
	archiveVersion = 1;
	classes = {
	};
	objectVersion = 51;
	objects = {

/* Begin PBXBuildFile section */
		3C151F108CC3F689D9B16681 /* Pods_YouTubeApp.framework in Frameworks */ = {isa = PBXBuildFile; fileRef = F18DDF3B1670FD6DB864FAC3 /* Pods_YouTubeApp.framework */; };
		7F57486224DD04F500D0BB4F /* AppDelegate.swift in Sources */ = {isa = PBXBuildFile; fileRef = 7F57486124DD04F500D0BB4F /* AppDelegate.swift */; };
		7F57486424DD04F500D0BB4F /* SceneDelegate.swift in Sources */ = {isa = PBXBuildFile; fileRef = 7F57486324DD04F500D0BB4F /* SceneDelegate.swift */; };
		7F57486624DD04F500D0BB4F /* ViewController.swift in Sources */ = {isa = PBXBuildFile; fileRef = 7F57486524DD04F500D0BB4F /* ViewController.swift */; };
		7F57486924DD04F500D0BB4F /* Main.storyboard in Resources */ = {isa = PBXBuildFile; fileRef = 7F57486724DD04F500D0BB4F /* Main.storyboard */; };
		7F57486B24DD04FC00D0BB4F /* Assets.xcassets in Resources */ = {isa = PBXBuildFile; fileRef = 7F57486A24DD04FC00D0BB4F /* Assets.xcassets */; };
		7F57486E24DD04FC00D0BB4F /* LaunchScreen.storyboard in Resources */ = {isa = PBXBuildFile; fileRef = 7F57486C24DD04FC00D0BB4F /* LaunchScreen.storyboard */; };
		7F57487724DD685600D0BB4F /* VideoListCell.swift in Sources */ = {isa = PBXBuildFile; fileRef = 7F57487624DD685600D0BB4F /* VideoListCell.swift */; };
		7F57487A24DD690600D0BB4F /* VideoListCell.xib in Resources */ = {isa = PBXBuildFile; fileRef = 7F57487924DD690600D0BB4F /* VideoListCell.xib */; };
		7F57487D24DD755A00D0BB4F /* Video.swift in Sources */ = {isa = PBXBuildFile; fileRef = 7F57487C24DD755A00D0BB4F /* Video.swift */; };
		7F57487F24DD8FBD00D0BB4F /* Channel.swift in Sources */ = {isa = PBXBuildFile; fileRef = 7F57487E24DD8FBD00D0BB4F /* Channel.swift */; };
/* End PBXBuildFile section */

/* Begin PBXFileReference section */
		0D5841AD6072D721D678B4C9 /* Pods-YouTubeApp.release.xcconfig */ = {isa = PBXFileReference; includeInIndex = 1; lastKnownFileType = text.xcconfig; name = "Pods-YouTubeApp.release.xcconfig"; path = "Target Support Files/Pods-YouTubeApp/Pods-YouTubeApp.release.xcconfig"; sourceTree = "<group>"; };
		7F57485E24DD04F500D0BB4F /* YouTubeApp.app */ = {isa = PBXFileReference; explicitFileType = wrapper.application; includeInIndex = 0; path = YouTubeApp.app; sourceTree = BUILT_PRODUCTS_DIR; };
		7F57486124DD04F500D0BB4F /* AppDelegate.swift */ = {isa = PBXFileReference; lastKnownFileType = sourcecode.swift; path = AppDelegate.swift; sourceTree = "<group>"; };
		7F57486324DD04F500D0BB4F /* SceneDelegate.swift */ = {isa = PBXFileReference; lastKnownFileType = sourcecode.swift; path = SceneDelegate.swift; sourceTree = "<group>"; };
		7F57486524DD04F500D0BB4F /* ViewController.swift */ = {isa = PBXFileReference; lastKnownFileType = sourcecode.swift; path = ViewController.swift; sourceTree = "<group>"; };
		7F57486824DD04F500D0BB4F /* Base */ = {isa = PBXFileReference; lastKnownFileType = file.storyboard; name = Base; path = Base.lproj/Main.storyboard; sourceTree = "<group>"; };
		7F57486A24DD04FC00D0BB4F /* Assets.xcassets */ = {isa = PBXFileReference; lastKnownFileType = folder.assetcatalog; path = Assets.xcassets; sourceTree = "<group>"; };
		7F57486D24DD04FC00D0BB4F /* Base */ = {isa = PBXFileReference; lastKnownFileType = file.storyboard; name = Base; path = Base.lproj/LaunchScreen.storyboard; sourceTree = "<group>"; };
		7F57486F24DD04FC00D0BB4F /* Info.plist */ = {isa = PBXFileReference; lastKnownFileType = text.plist.xml; path = Info.plist; sourceTree = "<group>"; };
		7F57487624DD685600D0BB4F /* VideoListCell.swift */ = {isa = PBXFileReference; lastKnownFileType = sourcecode.swift; path = VideoListCell.swift; sourceTree = "<group>"; };
		7F57487924DD690600D0BB4F /* VideoListCell.xib */ = {isa = PBXFileReference; lastKnownFileType = file.xib; path = VideoListCell.xib; sourceTree = "<group>"; };
		7F57487C24DD755A00D0BB4F /* Video.swift */ = {isa = PBXFileReference; lastKnownFileType = sourcecode.swift; path = Video.swift; sourceTree = "<group>"; };
		7F57487E24DD8FBD00D0BB4F /* Channel.swift */ = {isa = PBXFileReference; lastKnownFileType = sourcecode.swift; path = Channel.swift; sourceTree = "<group>"; };
		A7FA41AE20A24A6882F13B45 /* Pods-YouTubeApp.debug.xcconfig */ = {isa = PBXFileReference; includeInIndex = 1; lastKnownFileType = text.xcconfig; name = "Pods-YouTubeApp.debug.xcconfig"; path = "Target Support Files/Pods-YouTubeApp/Pods-YouTubeApp.debug.xcconfig"; sourceTree = "<group>"; };
		F18DDF3B1670FD6DB864FAC3 /* Pods_YouTubeApp.framework */ = {isa = PBXFileReference; explicitFileType = wrapper.framework; includeInIndex = 0; path = Pods_YouTubeApp.framework; sourceTree = BUILT_PRODUCTS_DIR; };
/* End PBXFileReference section */

/* Begin PBXFrameworksBuildPhase section */
		7F57485B24DD04F500D0BB4F /* Frameworks */ = {
			isa = PBXFrameworksBuildPhase;
			buildActionMask = 2147483647;
			files = (
				3C151F108CC3F689D9B16681 /* Pods_YouTubeApp.framework in Frameworks */,
			);
			runOnlyForDeploymentPostprocessing = 0;
		};
/* End PBXFrameworksBuildPhase section */

/* Begin PBXGroup section */
		243AEB8E643AA5862764078B /* Frameworks */ = {
			isa = PBXGroup;
			children = (
				F18DDF3B1670FD6DB864FAC3 /* Pods_YouTubeApp.framework */,
			);
			name = Frameworks;
			sourceTree = "<group>";
		};
		3A3C0C08F9503FDDDBA409ED /* Pods */ = {
			isa = PBXGroup;
			children = (
				A7FA41AE20A24A6882F13B45 /* Pods-YouTubeApp.debug.xcconfig */,
				0D5841AD6072D721D678B4C9 /* Pods-YouTubeApp.release.xcconfig */,
			);
			path = Pods;
			sourceTree = "<group>";
		};
		7F57485524DD04F500D0BB4F = {
			isa = PBXGroup;
			children = (
				7F57486024DD04F500D0BB4F /* YouTubeApp */,
				7F57485F24DD04F500D0BB4F /* Products */,
				3A3C0C08F9503FDDDBA409ED /* Pods */,
				243AEB8E643AA5862764078B /* Frameworks */,
			);
			sourceTree = "<group>";
		};
		7F57485F24DD04F500D0BB4F /* Products */ = {
			isa = PBXGroup;
			children = (
				7F57485E24DD04F500D0BB4F /* YouTubeApp.app */,
			);
			name = Products;
			sourceTree = "<group>";
		};
		7F57486024DD04F500D0BB4F /* YouTubeApp */ = {
			isa = PBXGroup;
			children = (
				7F57487B24DD753700D0BB4F /* Models */,
				7F57487824DD68F200D0BB4F /* Xibs */,
				7F57487524DD683E00D0BB4F /* Cells */,
				7F57486124DD04F500D0BB4F /* AppDelegate.swift */,
				7F57486324DD04F500D0BB4F /* SceneDelegate.swift */,
				7F57486524DD04F500D0BB4F /* ViewController.swift */,
				7F57486724DD04F500D0BB4F /* Main.storyboard */,
				7F57486A24DD04FC00D0BB4F /* Assets.xcassets */,
				7F57486C24DD04FC00D0BB4F /* LaunchScreen.storyboard */,
				7F57486F24DD04FC00D0BB4F /* Info.plist */,
			);
			path = YouTubeApp;
			sourceTree = "<group>";
		};
		7F57487524DD683E00D0BB4F /* Cells */ = {
			isa = PBXGroup;
			children = (
				7F57487624DD685600D0BB4F /* VideoListCell.swift */,
			);
			path = Cells;
			sourceTree = "<group>";
		};
		7F57487824DD68F200D0BB4F /* Xibs */ = {
			isa = PBXGroup;
			children = (
				7F57487924DD690600D0BB4F /* VideoListCell.xib */,
			);
			path = Xibs;
			sourceTree = "<group>";
		};
		7F57487B24DD753700D0BB4F /* Models */ = {
			isa = PBXGroup;
			children = (
				7F57487C24DD755A00D0BB4F /* Video.swift */,
				7F57487E24DD8FBD00D0BB4F /* Channel.swift */,
			);
			path = Models;
			sourceTree = "<group>";
		};
/* End PBXGroup section */

/* Begin PBXNativeTarget section */
		7F57485D24DD04F500D0BB4F /* YouTubeApp */ = {
			isa = PBXNativeTarget;
			buildConfigurationList = 7F57487224DD04FC00D0BB4F /* Build configuration list for PBXNativeTarget "YouTubeApp" */;
			buildPhases = (
				4FD4AD1CDDDE98F428641899 /* [CP] Check Pods Manifest.lock */,
				7F57485A24DD04F500D0BB4F /* Sources */,
				7F57485B24DD04F500D0BB4F /* Frameworks */,
				7F57485C24DD04F500D0BB4F /* Resources */,
				E84841667B6D35A379BB94B4 /* [CP] Embed Pods Frameworks */,
			);
			buildRules = (
			);
			dependencies = (
			);
			name = YouTubeApp;
			productName = YouTubeApp;
			productReference = 7F57485E24DD04F500D0BB4F /* YouTubeApp.app */;
			productType = "com.apple.product-type.application";
		};
/* End PBXNativeTarget section */

/* Begin PBXProject section */
		7F57485624DD04F500D0BB4F /* Project object */ = {
			isa = PBXProject;
			attributes = {
				LastSwiftUpdateCheck = 1160;
				LastUpgradeCheck = 1160;
				ORGANIZATIONNAME = Hiroki;
				TargetAttributes = {
					7F57485D24DD04F500D0BB4F = {
						CreatedOnToolsVersion = 11.6;
					};
				};
			};
			buildConfigurationList = 7F57485924DD04F500D0BB4F /* Build configuration list for PBXProject "YouTubeApp" */;
			compatibilityVersion = "Xcode 9.3";
			developmentRegion = en;
			hasScannedForEncodings = 0;
			knownRegions = (
				en,
				Base,
			);
			mainGroup = 7F57485524DD04F500D0BB4F;
			productRefGroup = 7F57485F24DD04F500D0BB4F /* Products */;
			projectDirPath = "";
			projectRoot = "";
			targets = (
				7F57485D24DD04F500D0BB4F /* YouTubeApp */,
			);
		};
/* End PBXProject section */

/* Begin PBXResourcesBuildPhase section */
		7F57485C24DD04F500D0BB4F /* Resources */ = {
			isa = PBXResourcesBuildPhase;
			buildActionMask = 2147483647;
			files = (
				7F57486E24DD04FC00D0BB4F /* LaunchScreen.storyboard in Resources */,
				7F57487A24DD690600D0BB4F /* VideoListCell.xib in Resources */,
				7F57486B24DD04FC00D0BB4F /* Assets.xcassets in Resources */,
				7F57486924DD04F500D0BB4F /* Main.storyboard in Resources */,
			);
			runOnlyForDeploymentPostprocessing = 0;
		};
/* End PBXResourcesBuildPhase section */

/* Begin PBXShellScriptBuildPhase section */
		4FD4AD1CDDDE98F428641899 /* [CP] Check Pods Manifest.lock */ = {
			isa = PBXShellScriptBuildPhase;
			buildActionMask = 2147483647;
			files = (
			);
			inputFileListPaths = (
			);
			inputPaths = (
				"${PODS_PODFILE_DIR_PATH}/Podfile.lock",
				"${PODS_ROOT}/Manifest.lock",
			);
			name = "[CP] Check Pods Manifest.lock";
			outputFileListPaths = (
			);
			outputPaths = (
				"$(DERIVED_FILE_DIR)/Pods-YouTubeApp-checkManifestLockResult.txt",
			);
			runOnlyForDeploymentPostprocessing = 0;
			shellPath = /bin/sh;
			shellScript = "diff \"${PODS_PODFILE_DIR_PATH}/Podfile.lock\" \"${PODS_ROOT}/Manifest.lock\" > /dev/null\nif [ $? != 0 ] ; then\n    # print error to STDERR\n    echo \"error: The sandbox is not in sync with the Podfile.lock. Run 'pod install' or update your CocoaPods installation.\" >&2\n    exit 1\nfi\n# This output is used by Xcode 'outputs' to avoid re-running this script phase.\necho \"SUCCESS\" > \"${SCRIPT_OUTPUT_FILE_0}\"\n";
			showEnvVarsInLog = 0;
		};
		E84841667B6D35A379BB94B4 /* [CP] Embed Pods Frameworks */ = {
			isa = PBXShellScriptBuildPhase;
			buildActionMask = 2147483647;
			files = (
			);
			inputFileListPaths = (
				"${PODS_ROOT}/Target Support Files/Pods-YouTubeApp/Pods-YouTubeApp-frameworks-${CONFIGURATION}-input-files.xcfilelist",
			);
			name = "[CP] Embed Pods Frameworks";
			outputFileListPaths = (
				"${PODS_ROOT}/Target Support Files/Pods-YouTubeApp/Pods-YouTubeApp-frameworks-${CONFIGURATION}-output-files.xcfilelist",
			);
			runOnlyForDeploymentPostprocessing = 0;
			shellPath = /bin/sh;
			shellScript = "\"${PODS_ROOT}/Target Support Files/Pods-YouTubeApp/Pods-YouTubeApp-frameworks.sh\"\n";
			showEnvVarsInLog = 0;
		};
/* End PBXShellScriptBuildPhase section */

/* Begin PBXSourcesBuildPhase section */
		7F57485A24DD04F500D0BB4F /* Sources */ = {
			isa = PBXSourcesBuildPhase;
			buildActionMask = 2147483647;
			files = (
				7F57486624DD04F500D0BB4F /* ViewController.swift in Sources */,
				7F57487F24DD8FBD00D0BB4F /* Channel.swift in Sources */,
				7F57487724DD685600D0BB4F /* VideoListCell.swift in Sources */,
				7F57486224DD04F500D0BB4F /* AppDelegate.swift in Sources */,
				7F57486424DD04F500D0BB4F /* SceneDelegate.swift in Sources */,
				7F57487D24DD755A00D0BB4F /* Video.swift in Sources */,
			);
			runOnlyForDeploymentPostprocessing = 0;
		};
/* End PBXSourcesBuildPhase section */

/* Begin PBXVariantGroup section */
		7F57486724DD04F500D0BB4F /* Main.storyboard */ = {
			isa = PBXVariantGroup;
			children = (
				7F57486824DD04F500D0BB4F /* Base */,
			);
			name = Main.storyboard;
			sourceTree = "<group>";
		};
		7F57486C24DD04FC00D0BB4F /* LaunchScreen.storyboard */ = {
			isa = PBXVariantGroup;
			children = (
				7F57486D24DD04FC00D0BB4F /* Base */,
			);
			name = LaunchScreen.storyboard;
			sourceTree = "<group>";
		};
/* End PBXVariantGroup section */

/* Begin XCBuildConfiguration section */
		7F57487024DD04FC00D0BB4F /* Debug */ = {
			isa = XCBuildConfiguration;
			buildSettings = {
				ALWAYS_SEARCH_USER_PATHS = NO;
				CLANG_ANALYZER_NONNULL = YES;
				CLANG_ANALYZER_NUMBER_OBJECT_CONVERSION = YES_AGGRESSIVE;
				CLANG_CXX_LANGUAGE_STANDARD = "gnu++14";
				CLANG_CXX_LIBRARY = "libc++";
				CLANG_ENABLE_MODULES = YES;
				CLANG_ENABLE_OBJC_ARC = YES;
				CLANG_ENABLE_OBJC_WEAK = YES;
				CLANG_WARN_BLOCK_CAPTURE_AUTORELEASING = YES;
				CLANG_WARN_BOOL_CONVERSION = YES;
				CLANG_WARN_COMMA = YES;
				CLANG_WARN_CONSTANT_CONVERSION = YES;
				CLANG_WARN_DEPRECATED_OBJC_IMPLEMENTATIONS = YES;
				CLANG_WARN_DIRECT_OBJC_ISA_USAGE = YES_ERROR;
				CLANG_WARN_DOCUMENTATION_COMMENTS = YES;
				CLANG_WARN_EMPTY_BODY = YES;
				CLANG_WARN_ENUM_CONVERSION = YES;
				CLANG_WARN_INFINITE_RECURSION = YES;
				CLANG_WARN_INT_CONVERSION = YES;
				CLANG_WARN_NON_LITERAL_NULL_CONVERSION = YES;
				CLANG_WARN_OBJC_IMPLICIT_RETAIN_SELF = YES;
				CLANG_WARN_OBJC_LITERAL_CONVERSION = YES;
				CLANG_WARN_OBJC_ROOT_CLASS = YES_ERROR;
				CLANG_WARN_RANGE_LOOP_ANALYSIS = YES;
				CLANG_WARN_STRICT_PROTOTYPES = YES;
				CLANG_WARN_SUSPICIOUS_MOVE = YES;
				CLANG_WARN_UNGUARDED_AVAILABILITY = YES_AGGRESSIVE;
				CLANG_WARN_UNREACHABLE_CODE = YES;
				CLANG_WARN__DUPLICATE_METHOD_MATCH = YES;
				COPY_PHASE_STRIP = NO;
				DEBUG_INFORMATION_FORMAT = dwarf;
				ENABLE_STRICT_OBJC_MSGSEND = YES;
				ENABLE_TESTABILITY = YES;
				GCC_C_LANGUAGE_STANDARD = gnu11;
				GCC_DYNAMIC_NO_PIC = NO;
				GCC_NO_COMMON_BLOCKS = YES;
				GCC_OPTIMIZATION_LEVEL = 0;
				GCC_PREPROCESSOR_DEFINITIONS = (
					"DEBUG=1",
					"$(inherited)",
				);
				GCC_WARN_64_TO_32_BIT_CONVERSION = YES;
				GCC_WARN_ABOUT_RETURN_TYPE = YES_ERROR;
				GCC_WARN_UNDECLARED_SELECTOR = YES;
				GCC_WARN_UNINITIALIZED_AUTOS = YES_AGGRESSIVE;
				GCC_WARN_UNUSED_FUNCTION = YES;
				GCC_WARN_UNUSED_VARIABLE = YES;
				IPHONEOS_DEPLOYMENT_TARGET = 13.6;
				MTL_ENABLE_DEBUG_INFO = INCLUDE_SOURCE;
				MTL_FAST_MATH = YES;
				ONLY_ACTIVE_ARCH = YES;
				SDKROOT = iphoneos;
				SWIFT_ACTIVE_COMPILATION_CONDITIONS = DEBUG;
				SWIFT_OPTIMIZATION_LEVEL = "-Onone";
			};
			name = Debug;
		};
		7F57487124DD04FC00D0BB4F /* Release */ = {
			isa = XCBuildConfiguration;
			buildSettings = {
				ALWAYS_SEARCH_USER_PATHS = NO;
				CLANG_ANALYZER_NONNULL = YES;
				CLANG_ANALYZER_NUMBER_OBJECT_CONVERSION = YES_AGGRESSIVE;
				CLANG_CXX_LANGUAGE_STANDARD = "gnu++14";
				CLANG_CXX_LIBRARY = "libc++";
				CLANG_ENABLE_MODULES = YES;
				CLANG_ENABLE_OBJC_ARC = YES;
				CLANG_ENABLE_OBJC_WEAK = YES;
				CLANG_WARN_BLOCK_CAPTURE_AUTORELEASING = YES;
				CLANG_WARN_BOOL_CONVERSION = YES;
				CLANG_WARN_COMMA = YES;
				CLANG_WARN_CONSTANT_CONVERSION = YES;
				CLANG_WARN_DEPRECATED_OBJC_IMPLEMENTATIONS = YES;
				CLANG_WARN_DIRECT_OBJC_ISA_USAGE = YES_ERROR;
				CLANG_WARN_DOCUMENTATION_COMMENTS = YES;
				CLANG_WARN_EMPTY_BODY = YES;
				CLANG_WARN_ENUM_CONVERSION = YES;
				CLANG_WARN_INFINITE_RECURSION = YES;
				CLANG_WARN_INT_CONVERSION = YES;
				CLANG_WARN_NON_LITERAL_NULL_CONVERSION = YES;
				CLANG_WARN_OBJC_IMPLICIT_RETAIN_SELF = YES;
				CLANG_WARN_OBJC_LITERAL_CONVERSION = YES;
				CLANG_WARN_OBJC_ROOT_CLASS = YES_ERROR;
				CLANG_WARN_RANGE_LOOP_ANALYSIS = YES;
				CLANG_WARN_STRICT_PROTOTYPES = YES;
				CLANG_WARN_SUSPICIOUS_MOVE = YES;
				CLANG_WARN_UNGUARDED_AVAILABILITY = YES_AGGRESSIVE;
				CLANG_WARN_UNREACHABLE_CODE = YES;
				CLANG_WARN__DUPLICATE_METHOD_MATCH = YES;
				COPY_PHASE_STRIP = NO;
				DEBUG_INFORMATION_FORMAT = "dwarf-with-dsym";
				ENABLE_NS_ASSERTIONS = NO;
				ENABLE_STRICT_OBJC_MSGSEND = YES;
				GCC_C_LANGUAGE_STANDARD = gnu11;
				GCC_NO_COMMON_BLOCKS = YES;
				GCC_WARN_64_TO_32_BIT_CONVERSION = YES;
				GCC_WARN_ABOUT_RETURN_TYPE = YES_ERROR;
				GCC_WARN_UNDECLARED_SELECTOR = YES;
				GCC_WARN_UNINITIALIZED_AUTOS = YES_AGGRESSIVE;
				GCC_WARN_UNUSED_FUNCTION = YES;
				GCC_WARN_UNUSED_VARIABLE = YES;
				IPHONEOS_DEPLOYMENT_TARGET = 13.6;
				MTL_ENABLE_DEBUG_INFO = NO;
				MTL_FAST_MATH = YES;
				SDKROOT = iphoneos;
				SWIFT_COMPILATION_MODE = wholemodule;
				SWIFT_OPTIMIZATION_LEVEL = "-O";
				VALIDATE_PRODUCT = YES;
			};
			name = Release;
		};
		7F57487324DD04FC00D0BB4F /* Debug */ = {
			isa = XCBuildConfiguration;
			baseConfigurationReference = A7FA41AE20A24A6882F13B45 /* Pods-YouTubeApp.debug.xcconfig */;
			buildSettings = {
				ASSETCATALOG_COMPILER_APPICON_NAME = AppIcon;
				CODE_SIGN_STYLE = Automatic;
				DEVELOPMENT_TEAM = K6FA22KGKX;
				INFOPLIST_FILE = YouTubeApp/Info.plist;
				LD_RUNPATH_SEARCH_PATHS = (
					"$(inherited)",
					"@executable_path/Frameworks",
				);
				PRODUCT_BUNDLE_IDENTIFIER = com.withios.YouTubeApp;
				PRODUCT_NAME = "$(TARGET_NAME)";
				SWIFT_VERSION = 5.0;
				TARGETED_DEVICE_FAMILY = "1,2";
			};
			name = Debug;
		};
		7F57487424DD04FC00D0BB4F /* Release */ = {
			isa = XCBuildConfiguration;
			baseConfigurationReference = 0D5841AD6072D721D678B4C9 /* Pods-YouTubeApp.release.xcconfig */;
			buildSettings = {
				ASSETCATALOG_COMPILER_APPICON_NAME = AppIcon;
				CODE_SIGN_STYLE = Automatic;
				DEVELOPMENT_TEAM = K6FA22KGKX;
				INFOPLIST_FILE = YouTubeApp/Info.plist;
				LD_RUNPATH_SEARCH_PATHS = (
					"$(inherited)",
					"@executable_path/Frameworks",
				);
				PRODUCT_BUNDLE_IDENTIFIER = com.withios.YouTubeApp;
				PRODUCT_NAME = "$(TARGET_NAME)";
				SWIFT_VERSION = 5.0;
				TARGETED_DEVICE_FAMILY = "1,2";
			};
			name = Release;
		};
/* End XCBuildConfiguration section */

/* Begin XCConfigurationList section */
		7F57485924DD04F500D0BB4F /* Build configuration list for PBXProject "YouTubeApp" */ = {
			isa = XCConfigurationList;
			buildConfigurations = (
				7F57487024DD04FC00D0BB4F /* Debug */,
				7F57487124DD04FC00D0BB4F /* Release */,
			);
			defaultConfigurationIsVisible = 0;
			defaultConfigurationName = Release;
		};
		7F57487224DD04FC00D0BB4F /* Build configuration list for PBXNativeTarget "YouTubeApp" */ = {
			isa = XCConfigurationList;
			buildConfigurations = (
				7F57487324DD04FC00D0BB4F /* Debug */,
				7F57487424DD04FC00D0BB4F /* Release */,
			);
			defaultConfigurationIsVisible = 0;
			defaultConfigurationName = Release;
		};
/* End XCConfigurationList section */
	};
	rootObject = 7F57485624DD04F500D0BB4F /* Project object */;
}
